// !$*UTF8*$!
{
	archiveVersion = 1;
	classes = {
	};
	objectVersion = 56;
	objects = {

/* Begin PBXBuildFile section */
		2A08A6012B075914003CBCEC /* AppDelegate.swift in Sources */ = {isa = PBXBuildFile; fileRef = 2A08A6002B075914003CBCEC /* AppDelegate.swift */; };
		2A08A60A2B075917003CBCEC /* Assets.xcassets in Resources */ = {isa = PBXBuildFile; fileRef = 2A08A6092B075917003CBCEC /* Assets.xcassets */; };
		2A08A60D2B075917003CBCEC /* LaunchScreen.storyboard in Resources */ = {isa = PBXBuildFile; fileRef = 2A08A60B2B075917003CBCEC /* LaunchScreen.storyboard */; };
		2A08A6182B075917003CBCEC /* RecipesDemoSwiftTests.swift in Sources */ = {isa = PBXBuildFile; fileRef = 2A08A6172B075917003CBCEC /* RecipesDemoSwiftTests.swift */; };
		2A08A6222B075917003CBCEC /* RecipesDemoSwiftUITests.swift in Sources */ = {isa = PBXBuildFile; fileRef = 2A08A6212B075917003CBCEC /* RecipesDemoSwiftUITests.swift */; };
		2A08A6242B075917003CBCEC /* RecipesDemoSwiftUITestsLaunchTests.swift in Sources */ = {isa = PBXBuildFile; fileRef = 2A08A6232B075917003CBCEC /* RecipesDemoSwiftUITestsLaunchTests.swift */; };
		2A98BCBC2B43B45F004249DA /* Constants.swift in Sources */ = {isa = PBXBuildFile; fileRef = 2A98BCBB2B43B45F004249DA /* Constants.swift */; };
		2A98BCBF2B43B502004249DA /* MainCoordinator.swift in Sources */ = {isa = PBXBuildFile; fileRef = 2A98BCBE2B43B502004249DA /* MainCoordinator.swift */; };
		2A98BCC12B43B50D004249DA /* Coordinator.swift in Sources */ = {isa = PBXBuildFile; fileRef = 2A98BCC02B43B50D004249DA /* Coordinator.swift */; };
		2A98BCC42B43B56D004249DA /* HomeViewController.swift in Sources */ = {isa = PBXBuildFile; fileRef = 2A98BCC22B43B56D004249DA /* HomeViewController.swift */; };
		2A98BCC52B43B56D004249DA /* HomeViewController.xib in Resources */ = {isa = PBXBuildFile; fileRef = 2A98BCC32B43B56D004249DA /* HomeViewController.xib */; };
		2A98BCC82B43B57C004249DA /* HomeViewModel.swift in Sources */ = {isa = PBXBuildFile; fileRef = 2A98BCC72B43B57C004249DA /* HomeViewModel.swift */; };
		2A98BCCA2B43BD33004249DA /* MainViewController.swift in Sources */ = {isa = PBXBuildFile; fileRef = 2A98BCC92B43BD33004249DA /* MainViewController.swift */; };
		2A98BCD32B44C325004249DA /* RecipeTableViewCell.swift in Sources */ = {isa = PBXBuildFile; fileRef = 2A98BCD12B44C325004249DA /* RecipeTableViewCell.swift */; };
		2A98BCD42B44C325004249DA /* RecipeTableViewCell.xib in Resources */ = {isa = PBXBuildFile; fileRef = 2A98BCD22B44C325004249DA /* RecipeTableViewCell.xib */; };
		2AA33A452B463B6B00682802 /* DetailViewController.swift in Sources */ = {isa = PBXBuildFile; fileRef = 2AA33A432B463B6B00682802 /* DetailViewController.swift */; };
		2AA33A462B463B6B00682802 /* DetailViewController.xib in Resources */ = {isa = PBXBuildFile; fileRef = 2AA33A442B463B6B00682802 /* DetailViewController.xib */; };
		2AA33A482B463B7600682802 /* DetailViewModel.swift in Sources */ = {isa = PBXBuildFile; fileRef = 2AA33A472B463B7600682802 /* DetailViewModel.swift */; };
		2AA33A4A2B463C7700682802 /* RecipesModel.swift in Sources */ = {isa = PBXBuildFile; fileRef = 2AA33A492B463C7700682802 /* RecipesModel.swift */; };
		2AA33A4C2B463C8C00682802 /* RecipesRequest.swift in Sources */ = {isa = PBXBuildFile; fileRef = 2AA33A4B2B463C8C00682802 /* RecipesRequest.swift */; };
		2AA33A4E2B463C9400682802 /* RecipesResponse.swift in Sources */ = {isa = PBXBuildFile; fileRef = 2AA33A4D2B463C9400682802 /* RecipesResponse.swift */; };
		2AA33A502B46407700682802 /* Request.swift in Sources */ = {isa = PBXBuildFile; fileRef = 2AA33A4F2B46407700682802 /* Request.swift */; };
		2AA33A532B4646F300682802 /* Kingfisher in Frameworks */ = {isa = PBXBuildFile; productRef = 2AA33A522B4646F300682802 /* Kingfisher */; };
		2AA33A572B46471800682802 /* UIImageView+Extension.swift in Sources */ = {isa = PBXBuildFile; fileRef = 2AA33A562B46471800682802 /* UIImageView+Extension.swift */; };
		2AA33A5E2B464EBA00682802 /* RecipeMapViewController.swift in Sources */ = {isa = PBXBuildFile; fileRef = 2AA33A5C2B464EBA00682802 /* RecipeMapViewController.swift */; };
		2AA33A5F2B464EBA00682802 /* RecipeMapViewController.xib in Resources */ = {isa = PBXBuildFile; fileRef = 2AA33A5D2B464EBA00682802 /* RecipeMapViewController.xib */; };
		2AA33A612B464ECA00682802 /* RecipeMapViewModel.swift in Sources */ = {isa = PBXBuildFile; fileRef = 2AA33A602B464ECA00682802 /* RecipeMapViewModel.swift */; };
		2AA33A622B46544200682802 /* RecipesRequest.swift in Sources */ = {isa = PBXBuildFile; fileRef = 2AA33A4B2B463C8C00682802 /* RecipesRequest.swift */; };
		2AA33A632B46546000682802 /* RecipesResponse.swift in Sources */ = {isa = PBXBuildFile; fileRef = 2AA33A4D2B463C9400682802 /* RecipesResponse.swift */; };
		2AA33A642B46546200682802 /* RecipesModel.swift in Sources */ = {isa = PBXBuildFile; fileRef = 2AA33A492B463C7700682802 /* RecipesModel.swift */; };
		2AA33A662B4654F800682802 /* HomeTests.swift in Sources */ = {isa = PBXBuildFile; fileRef = 2AA33A652B4654F800682802 /* HomeTests.swift */; };
		2AA33A672B46564300682802 /* Request.swift in Sources */ = {isa = PBXBuildFile; fileRef = 2AA33A4F2B46407700682802 /* Request.swift */; };
		2AA33A682B46565300682802 /* Constants.swift in Sources */ = {isa = PBXBuildFile; fileRef = 2A98BCBB2B43B45F004249DA /* Constants.swift */; };
		2AA33A6D2B465B5E00682802 /* Loading.swift in Sources */ = {isa = PBXBuildFile; fileRef = 2AA33A6C2B465B5E00682802 /* Loading.swift */; };
		2AA33A702B465E8D00682802 /* RockStarCollectionViewCell.swift in Sources */ = {isa = PBXBuildFile; fileRef = 2AA33A6E2B465E8D00682802 /* RockStarCollectionViewCell.swift */; };
		2AA33A712B465E8D00682802 /* RockStarCollectionViewCell.xib in Resources */ = {isa = PBXBuildFile; fileRef = 2AA33A6F2B465E8D00682802 /* RockStarCollectionViewCell.xib */; };
/* End PBXBuildFile section */

/* Begin PBXContainerItemProxy section */
		2A08A6142B075917003CBCEC /* PBXContainerItemProxy */ = {
			isa = PBXContainerItemProxy;
			containerPortal = 2A08A5F52B075914003CBCEC /* Project object */;
			proxyType = 1;
			remoteGlobalIDString = 2A08A5FC2B075914003CBCEC;
			remoteInfo = RecipesDemoSwift;
		};
		2A08A61E2B075917003CBCEC /* PBXContainerItemProxy */ = {
			isa = PBXContainerItemProxy;
			containerPortal = 2A08A5F52B075914003CBCEC /* Project object */;
			proxyType = 1;
			remoteGlobalIDString = 2A08A5FC2B075914003CBCEC;
			remoteInfo = RecipesDemoSwift;
		};
/* End PBXContainerItemProxy section */

/* Begin PBXFileReference section */
		2A08A5FD2B075914003CBCEC /* RecipesDemoSwift.app */ = {isa = PBXFileReference; explicitFileType = wrapper.application; includeInIndex = 0; path = RecipesDemoSwift.app; sourceTree = BUILT_PRODUCTS_DIR; };
		2A08A6002B075914003CBCEC /* AppDelegate.swift */ = {isa = PBXFileReference; lastKnownFileType = sourcecode.swift; path = AppDelegate.swift; sourceTree = "<group>"; };
		2A08A6092B075917003CBCEC /* Assets.xcassets */ = {isa = PBXFileReference; lastKnownFileType = folder.assetcatalog; path = Assets.xcassets; sourceTree = "<group>"; };
		2A08A60C2B075917003CBCEC /* Base */ = {isa = PBXFileReference; lastKnownFileType = file.storyboard; name = Base; path = Base.lproj/LaunchScreen.storyboard; sourceTree = "<group>"; };
		2A08A60E2B075917003CBCEC /* Info.plist */ = {isa = PBXFileReference; lastKnownFileType = text.plist.xml; path = Info.plist; sourceTree = "<group>"; };
		2A08A6132B075917003CBCEC /* RecipesDemoSwiftTests.xctest */ = {isa = PBXFileReference; explicitFileType = wrapper.cfbundle; includeInIndex = 0; path = RecipesDemoSwiftTests.xctest; sourceTree = BUILT_PRODUCTS_DIR; };
		2A08A6172B075917003CBCEC /* RecipesDemoSwiftTests.swift */ = {isa = PBXFileReference; lastKnownFileType = sourcecode.swift; path = RecipesDemoSwiftTests.swift; sourceTree = "<group>"; };
		2A08A61D2B075917003CBCEC /* RecipesDemoSwiftUITests.xctest */ = {isa = PBXFileReference; explicitFileType = wrapper.cfbundle; includeInIndex = 0; path = RecipesDemoSwiftUITests.xctest; sourceTree = BUILT_PRODUCTS_DIR; };
		2A08A6212B075917003CBCEC /* RecipesDemoSwiftUITests.swift */ = {isa = PBXFileReference; lastKnownFileType = sourcecode.swift; path = RecipesDemoSwiftUITests.swift; sourceTree = "<group>"; };
		2A08A6232B075917003CBCEC /* RecipesDemoSwiftUITestsLaunchTests.swift */ = {isa = PBXFileReference; lastKnownFileType = sourcecode.swift; path = RecipesDemoSwiftUITestsLaunchTests.swift; sourceTree = "<group>"; };
		2A98BCBB2B43B45F004249DA /* Constants.swift */ = {isa = PBXFileReference; lastKnownFileType = sourcecode.swift; path = Constants.swift; sourceTree = "<group>"; };
		2A98BCBE2B43B502004249DA /* MainCoordinator.swift */ = {isa = PBXFileReference; lastKnownFileType = sourcecode.swift; path = MainCoordinator.swift; sourceTree = "<group>"; };
		2A98BCC02B43B50D004249DA /* Coordinator.swift */ = {isa = PBXFileReference; lastKnownFileType = sourcecode.swift; path = Coordinator.swift; sourceTree = "<group>"; };
		2A98BCC22B43B56D004249DA /* HomeViewController.swift */ = {isa = PBXFileReference; lastKnownFileType = sourcecode.swift; path = HomeViewController.swift; sourceTree = "<group>"; };
		2A98BCC32B43B56D004249DA /* HomeViewController.xib */ = {isa = PBXFileReference; lastKnownFileType = file.xib; path = HomeViewController.xib; sourceTree = "<group>"; };
		2A98BCC72B43B57C004249DA /* HomeViewModel.swift */ = {isa = PBXFileReference; lastKnownFileType = sourcecode.swift; path = HomeViewModel.swift; sourceTree = "<group>"; };
		2A98BCC92B43BD33004249DA /* MainViewController.swift */ = {isa = PBXFileReference; lastKnownFileType = sourcecode.swift; path = MainViewController.swift; sourceTree = "<group>"; };
		2A98BCD12B44C325004249DA /* RecipeTableViewCell.swift */ = {isa = PBXFileReference; lastKnownFileType = sourcecode.swift; path = RecipeTableViewCell.swift; sourceTree = "<group>"; };
		2A98BCD22B44C325004249DA /* RecipeTableViewCell.xib */ = {isa = PBXFileReference; lastKnownFileType = file.xib; path = RecipeTableViewCell.xib; sourceTree = "<group>"; };
		2AA33A432B463B6B00682802 /* DetailViewController.swift */ = {isa = PBXFileReference; lastKnownFileType = sourcecode.swift; path = DetailViewController.swift; sourceTree = "<group>"; };
		2AA33A442B463B6B00682802 /* DetailViewController.xib */ = {isa = PBXFileReference; lastKnownFileType = file.xib; path = DetailViewController.xib; sourceTree = "<group>"; };
		2AA33A472B463B7600682802 /* DetailViewModel.swift */ = {isa = PBXFileReference; lastKnownFileType = sourcecode.swift; path = DetailViewModel.swift; sourceTree = "<group>"; };
		2AA33A492B463C7700682802 /* RecipesModel.swift */ = {isa = PBXFileReference; lastKnownFileType = sourcecode.swift; path = RecipesModel.swift; sourceTree = "<group>"; };
		2AA33A4B2B463C8C00682802 /* RecipesRequest.swift */ = {isa = PBXFileReference; lastKnownFileType = sourcecode.swift; path = RecipesRequest.swift; sourceTree = "<group>"; };
		2AA33A4D2B463C9400682802 /* RecipesResponse.swift */ = {isa = PBXFileReference; lastKnownFileType = sourcecode.swift; path = RecipesResponse.swift; sourceTree = "<group>"; };
		2AA33A4F2B46407700682802 /* Request.swift */ = {isa = PBXFileReference; lastKnownFileType = sourcecode.swift; path = Request.swift; sourceTree = "<group>"; };
		2AA33A562B46471800682802 /* UIImageView+Extension.swift */ = {isa = PBXFileReference; lastKnownFileType = sourcecode.swift; path = "UIImageView+Extension.swift"; sourceTree = "<group>"; };
		2AA33A5C2B464EBA00682802 /* RecipeMapViewController.swift */ = {isa = PBXFileReference; lastKnownFileType = sourcecode.swift; path = RecipeMapViewController.swift; sourceTree = "<group>"; };
		2AA33A5D2B464EBA00682802 /* RecipeMapViewController.xib */ = {isa = PBXFileReference; lastKnownFileType = file.xib; path = RecipeMapViewController.xib; sourceTree = "<group>"; };
		2AA33A602B464ECA00682802 /* RecipeMapViewModel.swift */ = {isa = PBXFileReference; lastKnownFileType = sourcecode.swift; path = RecipeMapViewModel.swift; sourceTree = "<group>"; };
		2AA33A652B4654F800682802 /* HomeTests.swift */ = {isa = PBXFileReference; lastKnownFileType = sourcecode.swift; path = HomeTests.swift; sourceTree = "<group>"; };
		2AA33A6C2B465B5E00682802 /* Loading.swift */ = {isa = PBXFileReference; lastKnownFileType = sourcecode.swift; path = Loading.swift; sourceTree = "<group>"; };
		2AA33A6E2B465E8D00682802 /* RockStarCollectionViewCell.swift */ = {isa = PBXFileReference; lastKnownFileType = sourcecode.swift; path = RockStarCollectionViewCell.swift; sourceTree = "<group>"; };
		2AA33A6F2B465E8D00682802 /* RockStarCollectionViewCell.xib */ = {isa = PBXFileReference; lastKnownFileType = file.xib; path = RockStarCollectionViewCell.xib; sourceTree = "<group>"; };
/* End PBXFileReference section */

/* Begin PBXFrameworksBuildPhase section */
		2A08A5FA2B075914003CBCEC /* Frameworks */ = {
			isa = PBXFrameworksBuildPhase;
			buildActionMask = 2147483647;
			files = (
				2AA33A532B4646F300682802 /* Kingfisher in Frameworks */,
			);
			runOnlyForDeploymentPostprocessing = 0;
		};
		2A08A6102B075917003CBCEC /* Frameworks */ = {
			isa = PBXFrameworksBuildPhase;
			buildActionMask = 2147483647;
			files = (
			);
			runOnlyForDeploymentPostprocessing = 0;
		};
		2A08A61A2B075917003CBCEC /* Frameworks */ = {
			isa = PBXFrameworksBuildPhase;
			buildActionMask = 2147483647;
			files = (
			);
			runOnlyForDeploymentPostprocessing = 0;
		};
/* End PBXFrameworksBuildPhase section */

/* Begin PBXGroup section */
		2A08A5F42B075914003CBCEC = {
			isa = PBXGroup;
			children = (
				2A08A5FF2B075914003CBCEC /* RecipesDemoSwift */,
				2A08A6162B075917003CBCEC /* RecipesDemoSwiftTests */,
				2A08A6202B075917003CBCEC /* RecipesDemoSwiftUITests */,
				2A08A5FE2B075914003CBCEC /* Products */,
			);
			sourceTree = "<group>";
		};
		2A08A5FE2B075914003CBCEC /* Products */ = {
			isa = PBXGroup;
			children = (
				2A08A5FD2B075914003CBCEC /* RecipesDemoSwift.app */,
				2A08A6132B075917003CBCEC /* RecipesDemoSwiftTests.xctest */,
				2A08A61D2B075917003CBCEC /* RecipesDemoSwiftUITests.xctest */,
			);
			name = Products;
			sourceTree = "<group>";
		};
		2A08A5FF2B075914003CBCEC /* RecipesDemoSwift */ = {
			isa = PBXGroup;
			children = (
				2AA33A542B46470100682802 /* Utils */,
				2A98BCBD2B43B4D6004249DA /* Coordinator */,
				2A98BCBA2B43B452004249DA /* NetworkManager */,
				2A98BCB92B43B447004249DA /* Constants */,
				2A98BCC62B43B571004249DA /* Main */,
				2A98BCB32B43A014004249DA /* Home */,
				2A98BCB42B43A016004249DA /* Detail */,
				2AA33A592B464EA300682802 /* RecipeMap */,
				2A08A6002B075914003CBCEC /* AppDelegate.swift */,
				2A08A6092B075917003CBCEC /* Assets.xcassets */,
				2A08A60B2B075917003CBCEC /* LaunchScreen.storyboard */,
				2A08A60E2B075917003CBCEC /* Info.plist */,
			);
			path = RecipesDemoSwift;
			sourceTree = "<group>";
		};
		2A08A6162B075917003CBCEC /* RecipesDemoSwiftTests */ = {
			isa = PBXGroup;
			children = (
				2A08A6172B075917003CBCEC /* RecipesDemoSwiftTests.swift */,
				2AA33A652B4654F800682802 /* HomeTests.swift */,
			);
			path = RecipesDemoSwiftTests;
			sourceTree = "<group>";
		};
		2A08A6202B075917003CBCEC /* RecipesDemoSwiftUITests */ = {
			isa = PBXGroup;
			children = (
				2A08A6212B075917003CBCEC /* RecipesDemoSwiftUITests.swift */,
				2A08A6232B075917003CBCEC /* RecipesDemoSwiftUITestsLaunchTests.swift */,
			);
			path = RecipesDemoSwiftUITests;
			sourceTree = "<group>";
		};
		2A98BCB32B43A014004249DA /* Home */ = {
			isa = PBXGroup;
			children = (
				2A98BCB62B43B20F004249DA /* View */,
				2A98BCB52B43B205004249DA /* ViewModel */,
			);
			path = Home;
			sourceTree = "<group>";
		};
		2A98BCB42B43A016004249DA /* Detail */ = {
			isa = PBXGroup;
			children = (
				2A98BCB82B43B214004249DA /* View */,
				2A98BCB72B43B211004249DA /* ViewModel */,
			);
			path = Detail;
			sourceTree = "<group>";
		};
		2A98BCB52B43B205004249DA /* ViewModel */ = {
			isa = PBXGroup;
			children = (
				2A98BCC72B43B57C004249DA /* HomeViewModel.swift */,
			);
			path = ViewModel;
			sourceTree = "<group>";
		};
		2A98BCB62B43B20F004249DA /* View */ = {
			isa = PBXGroup;
			children = (
				2AA33A582B464CDE00682802 /* RockStarCell */,
				2A98BCCE2B44C2FD004249DA /* RecipeCell */,
				2A98BCC22B43B56D004249DA /* HomeViewController.swift */,
				2A98BCC32B43B56D004249DA /* HomeViewController.xib */,
			);
			path = View;
			sourceTree = "<group>";
		};
		2A98BCB72B43B211004249DA /* ViewModel */ = {
			isa = PBXGroup;
			children = (
				2AA33A472B463B7600682802 /* DetailViewModel.swift */,
			);
			path = ViewModel;
			sourceTree = "<group>";
		};
		2A98BCB82B43B214004249DA /* View */ = {
			isa = PBXGroup;
			children = (
				2AA33A432B463B6B00682802 /* DetailViewController.swift */,
				2AA33A442B463B6B00682802 /* DetailViewController.xib */,
			);
			path = View;
			sourceTree = "<group>";
		};
		2A98BCB92B43B447004249DA /* Constants */ = {
			isa = PBXGroup;
			children = (
				2A98BCBB2B43B45F004249DA /* Constants.swift */,
			);
			path = Constants;
			sourceTree = "<group>";
		};
		2A98BCBA2B43B452004249DA /* NetworkManager */ = {
			isa = PBXGroup;
			children = (
				2A98BCCD2B44C293004249DA /* Model */,
				2A98BCCC2B44C290004249DA /* Request */,
				2A98BCCB2B44C283004249DA /* Response */,
				2AA33A4F2B46407700682802 /* Request.swift */,
			);
			path = NetworkManager;
			sourceTree = "<group>";
		};
		2A98BCBD2B43B4D6004249DA /* Coordinator */ = {
			isa = PBXGroup;
			children = (
				2A98BCBE2B43B502004249DA /* MainCoordinator.swift */,
				2A98BCC02B43B50D004249DA /* Coordinator.swift */,
			);
			path = Coordinator;
			sourceTree = "<group>";
		};
		2A98BCC62B43B571004249DA /* Main */ = {
			isa = PBXGroup;
			children = (
				2A98BCC92B43BD33004249DA /* MainViewController.swift */,
			);
			path = Main;
			sourceTree = "<group>";
		};
		2A98BCCB2B44C283004249DA /* Response */ = {
			isa = PBXGroup;
			children = (
				2AA33A4D2B463C9400682802 /* RecipesResponse.swift */,
			);
			path = Response;
			sourceTree = "<group>";
		};
		2A98BCCC2B44C290004249DA /* Request */ = {
			isa = PBXGroup;
			children = (
				2AA33A4B2B463C8C00682802 /* RecipesRequest.swift */,
			);
			path = Request;
			sourceTree = "<group>";
		};
		2A98BCCD2B44C293004249DA /* Model */ = {
			isa = PBXGroup;
			children = (
				2AA33A492B463C7700682802 /* RecipesModel.swift */,
			);
			path = Model;
			sourceTree = "<group>";
		};
		2A98BCCE2B44C2FD004249DA /* RecipeCell */ = {
			isa = PBXGroup;
			children = (
				2A98BCD12B44C325004249DA /* RecipeTableViewCell.swift */,
				2A98BCD22B44C325004249DA /* RecipeTableViewCell.xib */,
			);
			path = RecipeCell;
			sourceTree = "<group>";
		};
		2AA33A542B46470100682802 /* Utils */ = {
			isa = PBXGroup;
			children = (
				2AA33A552B46470600682802 /* Extension */,
				2AA33A6C2B465B5E00682802 /* Loading.swift */,
			);
			path = Utils;
			sourceTree = "<group>";
		};
		2AA33A552B46470600682802 /* Extension */ = {
			isa = PBXGroup;
			children = (
				2AA33A562B46471800682802 /* UIImageView+Extension.swift */,
			);
			path = Extension;
			sourceTree = "<group>";
		};
		2AA33A582B464CDE00682802 /* RockStarCell */ = {
			isa = PBXGroup;
			children = (
				2AA33A6E2B465E8D00682802 /* RockStarCollectionViewCell.swift */,
				2AA33A6F2B465E8D00682802 /* RockStarCollectionViewCell.xib */,
			);
			path = RockStarCell;
			sourceTree = "<group>";
		};
		2AA33A592B464EA300682802 /* RecipeMap */ = {
			isa = PBXGroup;
			children = (
				2AA33A5B2B464EAC00682802 /* View */,
				2AA33A5A2B464EA800682802 /* ViewModel */,
			);
			path = RecipeMap;
			sourceTree = "<group>";
		};
		2AA33A5A2B464EA800682802 /* ViewModel */ = {
			isa = PBXGroup;
			children = (
				2AA33A602B464ECA00682802 /* RecipeMapViewModel.swift */,
			);
			path = ViewModel;
			sourceTree = "<group>";
		};
		2AA33A5B2B464EAC00682802 /* View */ = {
			isa = PBXGroup;
			children = (
				2AA33A5C2B464EBA00682802 /* RecipeMapViewController.swift */,
				2AA33A5D2B464EBA00682802 /* RecipeMapViewController.xib */,
			);
			path = View;
			sourceTree = "<group>";
		};
/* End PBXGroup section */

/* Begin PBXNativeTarget section */
		2A08A5FC2B075914003CBCEC /* RecipesDemoSwift */ = {
			isa = PBXNativeTarget;
			buildConfigurationList = 2A08A6272B075917003CBCEC /* Build configuration list for PBXNativeTarget "RecipesDemoSwift" */;
			buildPhases = (
				2A08A5F92B075914003CBCEC /* Sources */,
				2A08A5FA2B075914003CBCEC /* Frameworks */,
				2A08A5FB2B075914003CBCEC /* Resources */,
			);
			buildRules = (
			);
			dependencies = (
			);
			name = RecipesDemoSwift;
			packageProductDependencies = (
				2AA33A522B4646F300682802 /* Kingfisher */,
			);
			productName = RecipesDemoSwift;
			productReference = 2A08A5FD2B075914003CBCEC /* RecipesDemoSwift.app */;
			productType = "com.apple.product-type.application";
		};
		2A08A6122B075917003CBCEC /* RecipesDemoSwiftTests */ = {
			isa = PBXNativeTarget;
			buildConfigurationList = 2A08A62A2B075917003CBCEC /* Build configuration list for PBXNativeTarget "RecipesDemoSwiftTests" */;
			buildPhases = (
				2A08A60F2B075917003CBCEC /* Sources */,
				2A08A6102B075917003CBCEC /* Frameworks */,
				2A08A6112B075917003CBCEC /* Resources */,
			);
			buildRules = (
			);
			dependencies = (
				2A08A6152B075917003CBCEC /* PBXTargetDependency */,
			);
			name = RecipesDemoSwiftTests;
			productName = RecipesDemoSwiftTests;
			productReference = 2A08A6132B075917003CBCEC /* RecipesDemoSwiftTests.xctest */;
			productType = "com.apple.product-type.bundle.unit-test";
		};
		2A08A61C2B075917003CBCEC /* RecipesDemoSwiftUITests */ = {
			isa = PBXNativeTarget;
			buildConfigurationList = 2A08A62D2B075917003CBCEC /* Build configuration list for PBXNativeTarget "RecipesDemoSwiftUITests" */;
			buildPhases = (
				2A08A6192B075917003CBCEC /* Sources */,
				2A08A61A2B075917003CBCEC /* Frameworks */,
				2A08A61B2B075917003CBCEC /* Resources */,
			);
			buildRules = (
			);
			dependencies = (
				2A08A61F2B075917003CBCEC /* PBXTargetDependency */,
			);
			name = RecipesDemoSwiftUITests;
			productName = RecipesDemoSwiftUITests;
			productReference = 2A08A61D2B075917003CBCEC /* RecipesDemoSwiftUITests.xctest */;
			productType = "com.apple.product-type.bundle.ui-testing";
		};
/* End PBXNativeTarget section */

/* Begin PBXProject section */
		2A08A5F52B075914003CBCEC /* Project object */ = {
			isa = PBXProject;
			attributes = {
				BuildIndependentTargetsInParallel = 1;
				LastSwiftUpdateCheck = 1500;
				LastUpgradeCheck = 1500;
				TargetAttributes = {
					2A08A5FC2B075914003CBCEC = {
						CreatedOnToolsVersion = 15.0.1;
					};
					2A08A6122B075917003CBCEC = {
						CreatedOnToolsVersion = 15.0.1;
						TestTargetID = 2A08A5FC2B075914003CBCEC;
					};
					2A08A61C2B075917003CBCEC = {
						CreatedOnToolsVersion = 15.0.1;
						TestTargetID = 2A08A5FC2B075914003CBCEC;
					};
				};
			};
			buildConfigurationList = 2A08A5F82B075914003CBCEC /* Build configuration list for PBXProject "RecipesDemoSwift" */;
			compatibilityVersion = "Xcode 14.0";
			developmentRegion = en;
			hasScannedForEncodings = 0;
			knownRegions = (
				en,
				Base,
			);
			mainGroup = 2A08A5F42B075914003CBCEC;
			packageReferences = (
				2AA33A512B4646F300682802 /* XCRemoteSwiftPackageReference "Kingfisher" */,
			);
			productRefGroup = 2A08A5FE2B075914003CBCEC /* Products */;
			projectDirPath = "";
			projectRoot = "";
			targets = (
				2A08A5FC2B075914003CBCEC /* RecipesDemoSwift */,
				2A08A6122B075917003CBCEC /* RecipesDemoSwiftTests */,
				2A08A61C2B075917003CBCEC /* RecipesDemoSwiftUITests */,
			);
		};
/* End PBXProject section */

/* Begin PBXResourcesBuildPhase section */
		2A08A5FB2B075914003CBCEC /* Resources */ = {
			isa = PBXResourcesBuildPhase;
			buildActionMask = 2147483647;
			files = (
				2A08A60D2B075917003CBCEC /* LaunchScreen.storyboard in Resources */,
				2AA33A712B465E8D00682802 /* RockStarCollectionViewCell.xib in Resources */,
				2A08A60A2B075917003CBCEC /* Assets.xcassets in Resources */,
				2AA33A462B463B6B00682802 /* DetailViewController.xib in Resources */,
				2AA33A5F2B464EBA00682802 /* RecipeMapViewController.xib in Resources */,
				2A98BCC52B43B56D004249DA /* HomeViewController.xib in Resources */,
				2A98BCD42B44C325004249DA /* RecipeTableViewCell.xib in Resources */,
			);
			runOnlyForDeploymentPostprocessing = 0;
		};
		2A08A6112B075917003CBCEC /* Resources */ = {
			isa = PBXResourcesBuildPhase;
			buildActionMask = 2147483647;
			files = (
			);
			runOnlyForDeploymentPostprocessing = 0;
		};
		2A08A61B2B075917003CBCEC /* Resources */ = {
			isa = PBXResourcesBuildPhase;
			buildActionMask = 2147483647;
			files = (
			);
			runOnlyForDeploymentPostprocessing = 0;
		};
/* End PBXResourcesBuildPhase section */

/* Begin PBXSourcesBuildPhase section */
		2A08A5F92B075914003CBCEC /* Sources */ = {
			isa = PBXSourcesBuildPhase;
			buildActionMask = 2147483647;
			files = (
				2AA33A572B46471800682802 /* UIImageView+Extension.swift in Sources */,
				2AA33A452B463B6B00682802 /* DetailViewController.swift in Sources */,
				2AA33A4A2B463C7700682802 /* RecipesModel.swift in Sources */,
				2AA33A4E2B463C9400682802 /* RecipesResponse.swift in Sources */,
				2A98BCCA2B43BD33004249DA /* MainViewController.swift in Sources */,
				2A98BCC42B43B56D004249DA /* HomeViewController.swift in Sources */,
				2AA33A482B463B7600682802 /* DetailViewModel.swift in Sources */,
				2A98BCC82B43B57C004249DA /* HomeViewModel.swift in Sources */,
				2A98BCC12B43B50D004249DA /* Coordinator.swift in Sources */,
				2AA33A4C2B463C8C00682802 /* RecipesRequest.swift in Sources */,
				2AA33A6D2B465B5E00682802 /* Loading.swift in Sources */,
				2AA33A702B465E8D00682802 /* RockStarCollectionViewCell.swift in Sources */,
				2A08A6012B075914003CBCEC /* AppDelegate.swift in Sources */,
				2A98BCBF2B43B502004249DA /* MainCoordinator.swift in Sources */,
				2AA33A612B464ECA00682802 /* RecipeMapViewModel.swift in Sources */,
				2AA33A502B46407700682802 /* Request.swift in Sources */,
				2AA33A5E2B464EBA00682802 /* RecipeMapViewController.swift in Sources */,
				2A98BCBC2B43B45F004249DA /* Constants.swift in Sources */,
				2A98BCD32B44C325004249DA /* RecipeTableViewCell.swift in Sources */,
			);
			runOnlyForDeploymentPostprocessing = 0;
		};
		2A08A60F2B075917003CBCEC /* Sources */ = {
			isa = PBXSourcesBuildPhase;
			buildActionMask = 2147483647;
			files = (
				2A08A6182B075917003CBCEC /* RecipesDemoSwiftTests.swift in Sources */,
				2AA33A672B46564300682802 /* Request.swift in Sources */,
				2AA33A642B46546200682802 /* RecipesModel.swift in Sources */,
				2AA33A662B4654F800682802 /* HomeTests.swift in Sources */,
				2AA33A682B46565300682802 /* Constants.swift in Sources */,
				2AA33A622B46544200682802 /* RecipesRequest.swift in Sources */,
				2AA33A632B46546000682802 /* RecipesResponse.swift in Sources */,
			);
			runOnlyForDeploymentPostprocessing = 0;
		};
		2A08A6192B075917003CBCEC /* Sources */ = {
			isa = PBXSourcesBuildPhase;
			buildActionMask = 2147483647;
			files = (
				2A08A6222B075917003CBCEC /* RecipesDemoSwiftUITests.swift in Sources */,
				2A08A6242B075917003CBCEC /* RecipesDemoSwiftUITestsLaunchTests.swift in Sources */,
			);
			runOnlyForDeploymentPostprocessing = 0;
		};
/* End PBXSourcesBuildPhase section */

/* Begin PBXTargetDependency section */
		2A08A6152B075917003CBCEC /* PBXTargetDependency */ = {
			isa = PBXTargetDependency;
			target = 2A08A5FC2B075914003CBCEC /* RecipesDemoSwift */;
			targetProxy = 2A08A6142B075917003CBCEC /* PBXContainerItemProxy */;
		};
		2A08A61F2B075917003CBCEC /* PBXTargetDependency */ = {
			isa = PBXTargetDependency;
			target = 2A08A5FC2B075914003CBCEC /* RecipesDemoSwift */;
			targetProxy = 2A08A61E2B075917003CBCEC /* PBXContainerItemProxy */;
		};
/* End PBXTargetDependency section */

/* Begin PBXVariantGroup section */
		2A08A60B2B075917003CBCEC /* LaunchScreen.storyboard */ = {
			isa = PBXVariantGroup;
			children = (
				2A08A60C2B075917003CBCEC /* Base */,
			);
			name = LaunchScreen.storyboard;
			sourceTree = "<group>";
		};
/* End PBXVariantGroup section */

/* Begin XCBuildConfiguration section */
		2A08A6252B075917003CBCEC /* Debug */ = {
			isa = XCBuildConfiguration;
			buildSettings = {
				ALWAYS_SEARCH_USER_PATHS = NO;
				ASSETCATALOG_COMPILER_GENERATE_SWIFT_ASSET_SYMBOL_EXTENSIONS = YES;
				CLANG_ANALYZER_NONNULL = YES;
				CLANG_ANALYZER_NUMBER_OBJECT_CONVERSION = YES_AGGRESSIVE;
				CLANG_CXX_LANGUAGE_STANDARD = "gnu++20";
				CLANG_ENABLE_MODULES = YES;
				CLANG_ENABLE_OBJC_ARC = YES;
				CLANG_ENABLE_OBJC_WEAK = YES;
				CLANG_WARN_BLOCK_CAPTURE_AUTORELEASING = YES;
				CLANG_WARN_BOOL_CONVERSION = YES;
				CLANG_WARN_COMMA = YES;
				CLANG_WARN_CONSTANT_CONVERSION = YES;
				CLANG_WARN_DEPRECATED_OBJC_IMPLEMENTATIONS = YES;
				CLANG_WARN_DIRECT_OBJC_ISA_USAGE = YES_ERROR;
				CLANG_WARN_DOCUMENTATION_COMMENTS = YES;
				CLANG_WARN_EMPTY_BODY = YES;
				CLANG_WARN_ENUM_CONVERSION = YES;
				CLANG_WARN_INFINITE_RECURSION = YES;
				CLANG_WARN_INT_CONVERSION = YES;
				CLANG_WARN_NON_LITERAL_NULL_CONVERSION = YES;
				CLANG_WARN_OBJC_IMPLICIT_RETAIN_SELF = YES;
				CLANG_WARN_OBJC_LITERAL_CONVERSION = YES;
				CLANG_WARN_OBJC_ROOT_CLASS = YES_ERROR;
				CLANG_WARN_QUOTED_INCLUDE_IN_FRAMEWORK_HEADER = YES;
				CLANG_WARN_RANGE_LOOP_ANALYSIS = YES;
				CLANG_WARN_STRICT_PROTOTYPES = YES;
				CLANG_WARN_SUSPICIOUS_MOVE = YES;
				CLANG_WARN_UNGUARDED_AVAILABILITY = YES_AGGRESSIVE;
				CLANG_WARN_UNREACHABLE_CODE = YES;
				CLANG_WARN__DUPLICATE_METHOD_MATCH = YES;
				COPY_PHASE_STRIP = NO;
				DEBUG_INFORMATION_FORMAT = dwarf;
				ENABLE_STRICT_OBJC_MSGSEND = YES;
				ENABLE_TESTABILITY = YES;
				ENABLE_USER_SCRIPT_SANDBOXING = YES;
				GCC_C_LANGUAGE_STANDARD = gnu17;
				GCC_DYNAMIC_NO_PIC = NO;
				GCC_NO_COMMON_BLOCKS = YES;
				GCC_OPTIMIZATION_LEVEL = 0;
				GCC_PREPROCESSOR_DEFINITIONS = (
					"DEBUG=1",
					"$(inherited)",
				);
				GCC_WARN_64_TO_32_BIT_CONVERSION = YES;
				GCC_WARN_ABOUT_RETURN_TYPE = YES_ERROR;
				GCC_WARN_UNDECLARED_SELECTOR = YES;
				GCC_WARN_UNINITIALIZED_AUTOS = YES_AGGRESSIVE;
				GCC_WARN_UNUSED_FUNCTION = YES;
				GCC_WARN_UNUSED_VARIABLE = YES;
				IPHONEOS_DEPLOYMENT_TARGET = 17.0;
				LOCALIZATION_PREFERS_STRING_CATALOGS = YES;
				MTL_ENABLE_DEBUG_INFO = INCLUDE_SOURCE;
				MTL_FAST_MATH = YES;
				ONLY_ACTIVE_ARCH = YES;
				SDKROOT = iphoneos;
				SWIFT_ACTIVE_COMPILATION_CONDITIONS = "DEBUG $(inherited)";
				SWIFT_OPTIMIZATION_LEVEL = "-Onone";
			};
			name = Debug;
		};
		2A08A6262B075917003CBCEC /* Release */ = {
			isa = XCBuildConfiguration;
			buildSettings = {
				ALWAYS_SEARCH_USER_PATHS = NO;
				ASSETCATALOG_COMPILER_GENERATE_SWIFT_ASSET_SYMBOL_EXTENSIONS = YES;
				CLANG_ANALYZER_NONNULL = YES;
				CLANG_ANALYZER_NUMBER_OBJECT_CONVERSION = YES_AGGRESSIVE;
				CLANG_CXX_LANGUAGE_STANDARD = "gnu++20";
				CLANG_ENABLE_MODULES = YES;
				CLANG_ENABLE_OBJC_ARC = YES;
				CLANG_ENABLE_OBJC_WEAK = YES;
				CLANG_WARN_BLOCK_CAPTURE_AUTORELEASING = YES;
				CLANG_WARN_BOOL_CONVERSION = YES;
				CLANG_WARN_COMMA = YES;
				CLANG_WARN_CONSTANT_CONVERSION = YES;
				CLANG_WARN_DEPRECATED_OBJC_IMPLEMENTATIONS = YES;
				CLANG_WARN_DIRECT_OBJC_ISA_USAGE = YES_ERROR;
				CLANG_WARN_DOCUMENTATION_COMMENTS = YES;
				CLANG_WARN_EMPTY_BODY = YES;
				CLANG_WARN_ENUM_CONVERSION = YES;
				CLANG_WARN_INFINITE_RECURSION = YES;
				CLANG_WARN_INT_CONVERSION = YES;
				CLANG_WARN_NON_LITERAL_NULL_CONVERSION = YES;
				CLANG_WARN_OBJC_IMPLICIT_RETAIN_SELF = YES;
				CLANG_WARN_OBJC_LITERAL_CONVERSION = YES;
				CLANG_WARN_OBJC_ROOT_CLASS = YES_ERROR;
				CLANG_WARN_QUOTED_INCLUDE_IN_FRAMEWORK_HEADER = YES;
				CLANG_WARN_RANGE_LOOP_ANALYSIS = YES;
				CLANG_WARN_STRICT_PROTOTYPES = YES;
				CLANG_WARN_SUSPICIOUS_MOVE = YES;
				CLANG_WARN_UNGUARDED_AVAILABILITY = YES_AGGRESSIVE;
				CLANG_WARN_UNREACHABLE_CODE = YES;
				CLANG_WARN__DUPLICATE_METHOD_MATCH = YES;
				COPY_PHASE_STRIP = NO;
				DEBUG_INFORMATION_FORMAT = "dwarf-with-dsym";
				ENABLE_NS_ASSERTIONS = NO;
				ENABLE_STRICT_OBJC_MSGSEND = YES;
				ENABLE_USER_SCRIPT_SANDBOXING = YES;
				GCC_C_LANGUAGE_STANDARD = gnu17;
				GCC_NO_COMMON_BLOCKS = YES;
				GCC_WARN_64_TO_32_BIT_CONVERSION = YES;
				GCC_WARN_ABOUT_RETURN_TYPE = YES_ERROR;
				GCC_WARN_UNDECLARED_SELECTOR = YES;
				GCC_WARN_UNINITIALIZED_AUTOS = YES_AGGRESSIVE;
				GCC_WARN_UNUSED_FUNCTION = YES;
				GCC_WARN_UNUSED_VARIABLE = YES;
				IPHONEOS_DEPLOYMENT_TARGET = 17.0;
				LOCALIZATION_PREFERS_STRING_CATALOGS = YES;
				MTL_ENABLE_DEBUG_INFO = NO;
				MTL_FAST_MATH = YES;
				SDKROOT = iphoneos;
				SWIFT_COMPILATION_MODE = wholemodule;
				VALIDATE_PRODUCT = YES;
			};
			name = Release;
		};
		2A08A6282B075917003CBCEC /* Debug */ = {
			isa = XCBuildConfiguration;
			buildSettings = {
				ASSETCATALOG_COMPILER_APPICON_NAME = AppIcon;
				ASSETCATALOG_COMPILER_GLOBAL_ACCENT_COLOR_NAME = AccentColor;
				CODE_SIGN_STYLE = Automatic;
				CURRENT_PROJECT_VERSION = 100;
				DEVELOPMENT_TEAM = 5S22W76BBZ;
				GENERATE_INFOPLIST_FILE = YES;
				INFOPLIST_FILE = RecipesDemoSwift/Info.plist;
				INFOPLIST_KEY_CFBundleDisplayName = Recipes;
				INFOPLIST_KEY_UIApplicationSupportsIndirectInputEvents = YES;
				INFOPLIST_KEY_UILaunchStoryboardName = LaunchScreen;
				INFOPLIST_KEY_UISupportedInterfaceOrientations_iPad = "UIInterfaceOrientationPortrait UIInterfaceOrientationPortraitUpsideDown UIInterfaceOrientationLandscapeLeft UIInterfaceOrientationLandscapeRight";
				INFOPLIST_KEY_UISupportedInterfaceOrientations_iPhone = "UIInterfaceOrientationPortrait UIInterfaceOrientationLandscapeLeft UIInterfaceOrientationLandscapeRight";
				LD_RUNPATH_SEARCH_PATHS = (
					"$(inherited)",
					"@executable_path/Frameworks",
				);
				MARKETING_VERSION = 1.0.0;
				PRODUCT_BUNDLE_IDENTIFIER = com.kevinhomorales.recipesdemoswift;
				PRODUCT_NAME = "$(TARGET_NAME)";
				SWIFT_EMIT_LOC_STRINGS = YES;
				SWIFT_VERSION = 5.0;
				TARGETED_DEVICE_FAMILY = "1,2";
			};
			name = Debug;
		};
		2A08A6292B075917003CBCEC /* Release */ = {
			isa = XCBuildConfiguration;
			buildSettings = {
				ASSETCATALOG_COMPILER_APPICON_NAME = AppIcon;
				ASSETCATALOG_COMPILER_GLOBAL_ACCENT_COLOR_NAME = AccentColor;
				CODE_SIGN_STYLE = Automatic;
				CURRENT_PROJECT_VERSION = 100;
				DEVELOPMENT_TEAM = 5S22W76BBZ;
				GENERATE_INFOPLIST_FILE = YES;
				INFOPLIST_FILE = RecipesDemoSwift/Info.plist;
				INFOPLIST_KEY_CFBundleDisplayName = Recipes;
				INFOPLIST_KEY_UIApplicationSupportsIndirectInputEvents = YES;
				INFOPLIST_KEY_UILaunchStoryboardName = LaunchScreen;
				INFOPLIST_KEY_UISupportedInterfaceOrientations_iPad = "UIInterfaceOrientationPortrait UIInterfaceOrientationPortraitUpsideDown UIInterfaceOrientationLandscapeLeft UIInterfaceOrientationLandscapeRight";
				INFOPLIST_KEY_UISupportedInterfaceOrientations_iPhone = "UIInterfaceOrientationPortrait UIInterfaceOrientationLandscapeLeft UIInterfaceOrientationLandscapeRight";
				LD_RUNPATH_SEARCH_PATHS = (
					"$(inherited)",
					"@executable_path/Frameworks",
				);
				MARKETING_VERSION = 1.0.0;
				PRODUCT_BUNDLE_IDENTIFIER = com.kevinhomorales.recipesdemoswift;
				PRODUCT_NAME = "$(TARGET_NAME)";
				SWIFT_EMIT_LOC_STRINGS = YES;
				SWIFT_VERSION = 5.0;
				TARGETED_DEVICE_FAMILY = "1,2";
			};
			name = Release;
		};
		2A08A62B2B075917003CBCEC /* Debug */ = {
			isa = XCBuildConfiguration;
			buildSettings = {
				ALWAYS_EMBED_SWIFT_STANDARD_LIBRARIES = YES;
				BUNDLE_LOADER = "$(TEST_HOST)";
				CODE_SIGN_STYLE = Automatic;
				CURRENT_PROJECT_VERSION = 1;
				DEVELOPMENT_TEAM = 5S22W76BBZ;
				GENERATE_INFOPLIST_FILE = YES;
				IPHONEOS_DEPLOYMENT_TARGET = 17.0;
				MARKETING_VERSION = 1.0;
				PRODUCT_BUNDLE_IDENTIFIER = com.kevinhomorales.RecipesDemoSwiftTests;
				PRODUCT_NAME = "$(TARGET_NAME)";
				SWIFT_EMIT_LOC_STRINGS = NO;
				SWIFT_VERSION = 5.0;
				TARGETED_DEVICE_FAMILY = "1,2";
				TEST_HOST = "$(BUILT_PRODUCTS_DIR)/RecipesDemoSwift.app/$(BUNDLE_EXECUTABLE_FOLDER_PATH)/RecipesDemoSwift";
			};
			name = Debug;
		};
		2A08A62C2B075917003CBCEC /* Release */ = {
			isa = XCBuildConfiguration;
			buildSettings = {
				ALWAYS_EMBED_SWIFT_STANDARD_LIBRARIES = YES;
				BUNDLE_LOADER = "$(TEST_HOST)";
				CODE_SIGN_STYLE = Automatic;
				CURRENT_PROJECT_VERSION = 1;
				DEVELOPMENT_TEAM = 5S22W76BBZ;
				GENERATE_INFOPLIST_FILE = YES;
				IPHONEOS_DEPLOYMENT_TARGET = 17.0;
				MARKETING_VERSION = 1.0;
				PRODUCT_BUNDLE_IDENTIFIER = com.kevinhomorales.RecipesDemoSwiftTests;
				PRODUCT_NAME = "$(TARGET_NAME)";
				SWIFT_EMIT_LOC_STRINGS = NO;
				SWIFT_VERSION = 5.0;
				TARGETED_DEVICE_FAMILY = "1,2";
				TEST_HOST = "$(BUILT_PRODUCTS_DIR)/RecipesDemoSwift.app/$(BUNDLE_EXECUTABLE_FOLDER_PATH)/RecipesDemoSwift";
			};
			name = Release;
		};
		2A08A62E2B075917003CBCEC /* Debug */ = {
			isa = XCBuildConfiguration;
			buildSettings = {
				ALWAYS_EMBED_SWIFT_STANDARD_LIBRARIES = YES;
				CODE_SIGN_STYLE = Automatic;
				CURRENT_PROJECT_VERSION = 1;
				DEVELOPMENT_TEAM = 5S22W76BBZ;
				GENERATE_INFOPLIST_FILE = YES;
				MARKETING_VERSION = 1.0;
				PRODUCT_BUNDLE_IDENTIFIER = com.kevinhomorales.RecipesDemoSwiftUITests;
				PRODUCT_NAME = "$(TARGET_NAME)";
				SWIFT_EMIT_LOC_STRINGS = NO;
				SWIFT_VERSION = 5.0;
				TARGETED_DEVICE_FAMILY = "1,2";
				TEST_TARGET_NAME = RecipesDemoSwift;
			};
			name = Debug;
		};
		2A08A62F2B075917003CBCEC /* Release */ = {
			isa = XCBuildConfiguration;
			buildSettings = {
				ALWAYS_EMBED_SWIFT_STANDARD_LIBRARIES = YES;
				CODE_SIGN_STYLE = Automatic;
				CURRENT_PROJECT_VERSION = 1;
				DEVELOPMENT_TEAM = 5S22W76BBZ;
				GENERATE_INFOPLIST_FILE = YES;
				MARKETING_VERSION = 1.0;
				PRODUCT_BUNDLE_IDENTIFIER = com.kevinhomorales.RecipesDemoSwiftUITests;
				PRODUCT_NAME = "$(TARGET_NAME)";
				SWIFT_EMIT_LOC_STRINGS = NO;
				SWIFT_VERSION = 5.0;
				TARGETED_DEVICE_FAMILY = "1,2";
				TEST_TARGET_NAME = RecipesDemoSwift;
			};
			name = Release;
		};
/* End XCBuildConfiguration section */

/* Begin XCConfigurationList section */
		2A08A5F82B075914003CBCEC /* Build configuration list for PBXProject "RecipesDemoSwift" */ = {
			isa = XCConfigurationList;
			buildConfigurations = (
				2A08A6252B075917003CBCEC /* Debug */,
				2A08A6262B075917003CBCEC /* Release */,
			);
			defaultConfigurationIsVisible = 0;
			defaultConfigurationName = Release;
		};
		2A08A6272B075917003CBCEC /* Build configuration list for PBXNativeTarget "RecipesDemoSwift" */ = {
			isa = XCConfigurationList;
			buildConfigurations = (
				2A08A6282B075917003CBCEC /* Debug */,
				2A08A6292B075917003CBCEC /* Release */,
			);
			defaultConfigurationIsVisible = 0;
			defaultConfigurationName = Release;
		};
		2A08A62A2B075917003CBCEC /* Build configuration list for PBXNativeTarget "RecipesDemoSwiftTests" */ = {
			isa = XCConfigurationList;
			buildConfigurations = (
				2A08A62B2B075917003CBCEC /* Debug */,
				2A08A62C2B075917003CBCEC /* Release */,
			);
			defaultConfigurationIsVisible = 0;
			defaultConfigurationName = Release;
		};
		2A08A62D2B075917003CBCEC /* Build configuration list for PBXNativeTarget "RecipesDemoSwiftUITests" */ = {
			isa = XCConfigurationList;
			buildConfigurations = (
				2A08A62E2B075917003CBCEC /* Debug */,
				2A08A62F2B075917003CBCEC /* Release */,
			);
			defaultConfigurationIsVisible = 0;
			defaultConfigurationName = Release;
		};
/* End XCConfigurationList section */

/* Begin XCRemoteSwiftPackageReference section */
		2AA33A512B4646F300682802 /* XCRemoteSwiftPackageReference "Kingfisher" */ = {
			isa = XCRemoteSwiftPackageReference;
			repositoryURL = "https://github.com/onevcat/Kingfisher";
			requirement = {
				kind = upToNextMajorVersion;
				minimumVersion = 7.10.1;
			};
		};
/* End XCRemoteSwiftPackageReference section */

/* Begin XCSwiftPackageProductDependency section */
		2AA33A522B4646F300682802 /* Kingfisher */ = {
			isa = XCSwiftPackageProductDependency;
			package = 2AA33A512B4646F300682802 /* XCRemoteSwiftPackageReference "Kingfisher" */;
			productName = Kingfisher;
		};
/* End XCSwiftPackageProductDependency section */
	};
	rootObject = 2A08A5F52B075914003CBCEC /* Project object */;
}
